
Microsoft Visual Studio Solution File, Format Version 12.00
# Visual Studio 14
VisualStudioVersion = 14.0.25420.1
MinimumVisualStudioVersion = 10.0.40219.1
Project("{FAE04EC0-301F-11D3-BF4B-00C04F79EFBC}") = "IdentityModel.Owin.BasicAuthentication", "IdentityModel.Owin.BasicAuthentication\IdentityModel.Owin.BasicAuthentication.csproj", "{46FF27D2-98CB-4A12-9712-A8A00B36479C}"
EndProject
Project("{2150E333-8FDC-42A3-9474-1A3956D46DE8}") = "StrongNamed", "StrongNamed", "{043AF076-FE4A-4F42-A7EA-3BB9609145EA}"
EndProject
Project("{FAE04EC0-301F-11D3-BF4B-00C04F79EFBC}") = "IdentityModel.Owin.BasicAuthentication.StrongName", "IdentityModel.Owin.BasicAuthentication\IdentityModel.Owin.BasicAuthentication.StrongName.csproj", "{AC9B9E34-D3FB-432D-B27C-90A568D2FD52}"
EndProject
Project("{2150E333-8FDC-42A3-9474-1A3956D46DE8}") = "Solution Items", "Solution Items", "{76EE178B-A5B3-4CB6-9D54-D427B8E6FDE2}"
	ProjectSection(SolutionItems) = preProject
		StrongKey.snk = StrongKey.snk
	EndProjectSection
EndProject
Global
	GlobalSection(SolutionConfigurationPlatforms) = preSolution
		Debug|Any CPU = Debug|Any CPU
		Release|Any CPU = Release|Any CPU
	EndGlobalSection
	GlobalSection(ProjectConfigurationPlatforms) = postSolution
		{46FF27D2-98CB-4A12-9712-A8A00B36479C}.Debug|Any CPU.ActiveCfg = Debug|Any CPU
		{46FF27D2-98CB-4A12-9712-A8A00B36479C}.Debug|Any CPU.Build.0 = Debug|Any CPU
		{46FF27D2-98CB-4A12-9712-A8A00B36479C}.Release|Any CPU.ActiveCfg = Release|Any CPU
		{46FF27D2-98CB-4A12-9712-A8A00B36479C}.Release|Any CPU.Build.0 = Release|Any CPU
		{AC9B9E34-D3FB-432D-B27C-90A568D2FD52}.Debug|Any CPU.ActiveCfg = Debug|Any CPU
		{AC9B9E34-D3FB-432D-B27C-90A568D2FD52}.Debug|Any CPU.Build.0 = Debug|Any CPU
		{AC9B9E34-D3FB-432D-B27C-90A568D2FD52}.Release|Any CPU.ActiveCfg = Release|Any CPU
		{AC9B9E34-D3FB-432D-B27C-90A568D2FD52}.Release|Any CPU.Build.0 = Release|Any CPU
	EndGlobalSection
	GlobalSection(SolutionProperties) = preSolution
		HideSolutionNode = FALSE
	EndGlobalSection
	GlobalSection(NestedProjects) = preSolution
		{AC9B9E34-D3FB-432D-B27C-90A568D2FD52} = {043AF076-FE4A-4F42-A7EA-3BB9609145EA}
		{76EE178B-A5B3-4CB6-9D54-D427B8E6FDE2} = {043AF076-FE4A-4F42-A7EA-3BB9609145EA}
	EndGlobalSection
EndGlobal
